{
  "lockfileVersion": 1,
  "workspaces": {
    "": {
      "name": "papertrail",
      "dependencies": {
        "cors": "^2.8.5",
        "dotenv": "^16.4.5",
        "express": "^4.21.1",
        "image-to-ascii": "^3.2.1",
        "multer": "^1.4.5-lts.1",
      },
    },
  },
  "packages": {
    "accepts": ["accepts@1.3.8", "", { "dependencies": { "mime-types": "~2.1.34", "negotiator": "0.6.3" } }, "sha512-PYAthTa2m2VKxuvSD3DPC/Gy+U+sOA1LAuT8mkmRuvw+NACSaeXEQ+NHcVF7rONl6qcaxV3Uuemwawk+7+SJLw=="],

    "ansi-styles": ["ansi-styles@3.2.1", "", { "dependencies": { "color-convert": "^1.9.0" } }, "sha512-VT0ZI6kZRdTh8YyJw3SMbYm/u+NqfsAxEpWO0Pf9sq8/e94WxxOpPKx9FR1FlyCtOVDNOQ+8ntlqFxiRc+r5qA=="],

    "ansy": ["ansy@1.0.15", "", { "dependencies": { "ansi-styles": "^3.0.0", "custom-return": "^1.0.0", "supports-color": "^3.1.2", "ul": "^5.2.1" } }, "sha512-mQyNSn58HN7aEthofkap0hn8jg7/5SJWrB0ypExgcECOwLppc0njH+QBA9X5VMiEN9SM0JlFZWJQGycxxInAqg=="],

    "append-field": ["append-field@1.0.0", "", {}, "sha512-klpgFSWLW1ZEs8svjfb7g4qWY0YS5imI82dTg+QahUvJ8YqAY0P10Uk8tTyh9ZGuYEZEMaeJYCF5BFuX552hsw=="],

    "array-flatten": ["array-flatten@1.1.1", "", {}, "sha512-PCVAQswWemu6UdxsDFFX/+gVeYqKAod3D3UVm91jHwynguOwAvYPhx8nNlM++NqRcK6CxxpUafjmhIdKiHibqg=="],

    "array-parallel": ["array-parallel@0.1.3", "", {}, "sha512-TDPTwSWW5E4oiFiKmz6RGJ/a80Y91GuLgUYuLd49+XBS75tYo8PNgaT2K/OxuQYqkoI852MDGBorg9OcUSTQ8w=="],

    "array-series": ["array-series@0.1.5", "", {}, "sha512-L0XlBwfx9QetHOsbLDrE/vh2t018w9462HM3iaFfxRiK83aJjAt/Ja3NMkOW7FICwWTlQBa3ZbL5FKhuQWkDrg=="],

    "asciify-pixel": ["asciify-pixel@1.2.14", "", { "dependencies": { "couleurs": "^6.0.0", "deffy": "^2.2.1", "pixel-bg": "^1.0.0", "pixel-class": "^1.0.0", "pixel-white-bg": "^1.0.0", "ul": "^5.2.1" } }, "sha512-hA7HezbS9Tc1Y/1YaS6IMMOV9k8I1LmTSAu9/F1A4C/JHDc0EJ9MdVxtZTYFNASglS2wC7ekfgavPyXWnetVlA=="],

    "asciify-pixel-matrix": ["asciify-pixel-matrix@1.0.14", "", { "dependencies": { "asciify-pixel": "^1.0.0", "ul": "^5.2.1" } }, "sha512-6Lvh2eBWO9pVNhs7tzd+36cHw+QhnOYmCcPKlW4RIKvNnSzbT2kNYUV3qcBxDYr4SKMGkiXFWiNOwW5nY4N/8A=="],

    "assured": ["assured@1.0.15", "", { "dependencies": { "noop6": "^1.0.1", "sliced": "^1.0.1" } }, "sha512-EVb4T+6m5VdlTJ6gbv4WjBM1rHfzXP2BspsQ6VLswcnIQSabjJy7A9YEuG4/KmfF+9OEuT5xhqVJ+V1tClD5ww=="],

    "body-parser": ["body-parser@1.20.3", "", { "dependencies": { "bytes": "3.1.2", "content-type": "~1.0.5", "debug": "2.6.9", "depd": "2.0.0", "destroy": "1.2.0", "http-errors": "2.0.0", "iconv-lite": "0.4.24", "on-finished": "2.4.1", "qs": "6.13.0", "raw-body": "2.5.2", "type-is": "~1.6.18", "unpipe": "1.0.0" } }, "sha512-7rAxByjUMqQ3/bHJy7D6OGXvx/MMc4IqBn/X0fcM1QUcAItpZrBEYhWGem+tzXH90c+G01ypMcYJBO9Y30203g=="],

    "buffer-from": ["buffer-from@1.1.2", "", {}, "sha512-E+XQCRwSbaaiChtv6k6Dwgc+bx+Bs6vuKJHHl5kox/BaKbhiXzqQOwK4cO22yElGp2OCmjwVhT3HmxgyPGnJfQ=="],

    "busboy": ["busboy@1.6.0", "", { "dependencies": { "streamsearch": "^1.1.0" } }, "sha512-8SFQbg/0hQ9xy3UNTB0YEnsNBbWfhf7RtnzpL7TkBiTBRfrQ9Fxcnz7VJsleJpyp6rVLvXiuORqjlHi5q+PYuA=="],

    "bytes": ["bytes@3.1.2", "", {}, "sha512-/Nf7TyzTx6S3yRJObOAV7956r8cr2+Oj8AC5dt8wSP3BQAoeX58NoHyCU8P8zGkNXStjTSi6fzO6F0pBdcYbEg=="],

    "call-bind": ["call-bind@1.0.7", "", { "dependencies": { "es-define-property": "^1.0.0", "es-errors": "^1.3.0", "function-bind": "^1.1.2", "get-intrinsic": "^1.2.4", "set-function-length": "^1.2.1" } }, "sha512-GHTSNSYICQ7scH7sZ+M2rFopRoLh8t2bLSW6BbgrtLsahOIB5iyAVJf9GjWK3cYTDaMj4XdBpM1cA6pIS0Kv2w=="],

    "cb-buffer": ["cb-buffer@2.1.9", "", {}, "sha512-cGPW0zPBLI++nx3iVhC4mkafh7/PsTpNPSLkH0mYs0vlyE3wsyRIP0Uiz4wEGWu0tjd+62kM1muZN6nXUXNRvQ=="],

    "color-convert": ["color-convert@1.9.3", "", { "dependencies": { "color-name": "1.1.3" } }, "sha512-QfAUtd+vFdAtFQcC8CCyYt1fYWxSqAiK2cSD6zDB8N3cpsEBAvRxp9zOGg6G/SHHJYAT88/az/IuDGALsNVbGg=="],

    "color-name": ["color-name@1.1.3", "", {}, "sha512-72fSenhMw2HZMTVHeCA9KCmpEIbzWiQsjN+BHcBbS9vr1mtt+vJjPdksIBNUmKAW8TFUDPJK5SUU3QhE9NEXDw=="],

    "compute-size": ["compute-size@1.0.13", "", { "dependencies": { "fixed-or-percent": "^1.0.0", "map-o": "^2.0.1", "ul": "^5.2.1" } }, "sha512-S/fbgGZII1GRJdYjv6gX+q2x+VhhszvQKkRyxcqI4iSCXpSx68xFHFLR3y/RqvGuFNavni2cMiVp1rQU2Xb6Ag=="],

    "concat-stream": ["concat-stream@1.6.2", "", { "dependencies": { "buffer-from": "^1.0.0", "inherits": "^2.0.3", "readable-stream": "^2.2.2", "typedarray": "^0.0.6" } }, "sha512-27HBghJxjiZtIk3Ycvn/4kbJk/1uZuJFfuPEns6LaEvpvG1f0hTea8lilrouyo9mVc2GWdcEZ8OLoGmSADlrCw=="],

    "content-disposition": ["content-disposition@0.5.4", "", { "dependencies": { "safe-buffer": "5.2.1" } }, "sha512-FveZTNuGw04cxlAiWbzi6zTAL/lhehaWbTtgluJh4/E95DqMwTmha3KZN1aAWA8cFIhHzMZUvLevkw5Rqk+tSQ=="],

    "content-type": ["content-type@1.0.5", "", {}, "sha512-nTjqfcBFEipKdXCv4YDQWCfmcLZKm81ldF0pAopTvyrFGVbcR6P/VAAd5G7N+0tTr8QqiU0tFadD6FK4NtJwOA=="],

    "cookie": ["cookie@0.7.1", "", {}, "sha512-6DnInpx7SJ2AK3+CTUE/ZM0vWTUboZCegxhC2xiIydHR9jNuTAASBrfEpHhiGOZw/nX51bHt6YQl8jsGo4y/0w=="],

    "cookie-signature": ["cookie-signature@1.0.6", "", {}, "sha512-QADzlaHc8icV8I7vbaJXJwod9HWYp8uCqf1xa4OfNu1T7JVxQIrUgOWtHdNDtPiywmFbiS12VjotIXLrKM3orQ=="],

    "core-util-is": ["core-util-is@1.0.3", "", {}, "sha512-ZQBvi1DcpJ4GDqanjucZ2Hj3wEO5pZDS89BWbkcrvdxksJorwUDDZamX9ldFkp9aw2lmBDLgkObEA4DWNJ9FYQ=="],

    "cors": ["cors@2.8.5", "", { "dependencies": { "object-assign": "^4", "vary": "^1" } }, "sha512-KIHbLJqu73RGr/hnbrO9uBeixNGuvSQjul/jdFvS/KFSIH1hWVd1ng7zOHx+YrEfInLG7q4n6GHQ9cDtxv/P6g=="],

    "couleurs": ["couleurs@6.0.11", "", { "dependencies": { "ansy": "^1.0.0", "color-convert": "^1.0.0", "iterate-object": "^1.3.1", "typpy": "^2.3.1" } }, "sha512-y5WUDtgQKw/tVViZCj3ACX8VseU0ONxiet8SRsE89uH4s/otRLXGOMymfVbKMFzedKOdxQpTcYWukRwkvgRYdw=="],

    "cross-spawn": ["cross-spawn@4.0.2", "", { "dependencies": { "lru-cache": "^4.0.1", "which": "^1.2.9" } }, "sha512-yAXz/pA1tD8Gtg2S98Ekf/sewp3Lcp3YoFKJ4Hkp5h5yLWnKVTDU0kwjKJ8NDCYcfTLfyGkzTikst+jWypT1iA=="],

    "custom-return": ["custom-return@1.0.12", "", { "dependencies": { "noop6": "^1.0.0" } }, "sha512-Xy6IlEV6gW5Iu4YRoQe0A5RG1mzezawcTXzAk7u28oB2UilRfbbOc1C7RmWE6AJ1inSm8gghCkIpo0LUQfLbvw=="],

    "debug": ["debug@2.6.9", "", { "dependencies": { "ms": "2.0.0" } }, "sha512-bC7ElrdJaJnPbAP+1EotYvqZsb3ecl5wi6Bfi6BJTUcNowp6cvspg0jXznRTKDjm/E7AdgFBVeAPVMNcKGsHMA=="],

    "deffy": ["deffy@2.2.4", "", { "dependencies": { "typpy": "^2.0.0" } }, "sha512-pLc9lsbsWjr6RxmJ2OLyvm+9l4j1yK69h+TML/gUit/t3vTijpkNGh8LioaJYTGO7F25m6HZndADcUOo2PsiUg=="],

    "define-data-property": ["define-data-property@1.1.4", "", { "dependencies": { "es-define-property": "^1.0.0", "es-errors": "^1.3.0", "gopd": "^1.0.1" } }, "sha512-rBMvIzlpA8v6E+SJZoo++HAYqsLrkg7MSfIinMPFhmkorw7X+dOXVJQs+QT69zGkzMyfDnIMN2Wid1+NbL3T+A=="],

    "depd": ["depd@2.0.0", "", {}, "sha512-g7nH6P6dyDioJogAAGprGpCtVImJhpPk/roCzdb3fIh61/s/nPsfR6onyMwkCAR/OlC3yBC0lESvUoQEAssIrw=="],

    "destroy": ["destroy@1.2.0", "", {}, "sha512-2sJGJTaXIIaR1w4iJSNoN0hnMY7Gpc/n8D4qSCJw8QqFWXf7cuAgnEHxBpweaVcPevC2l3KpjYCx3NypQQgaJg=="],

    "dotenv": ["dotenv@16.4.5", "", {}, "sha512-ZmdL2rui+eB2YwhsWzjInR8LldtZHGDoQ1ugH85ppHKwpUHL7j7rN0Ti9NCnGiQbhaZ11FpR+7ao1dNsmduNUg=="],

    "ee-first": ["ee-first@1.1.1", "", {}, "sha512-WMwm9LhRUo+WUaRN+vRuETqG89IgZphVSNkdFgeb6sS/E4OrDIN7t48CAewSHXc6C8lefD8KKfr5vY61brQlow=="],

    "encodeurl": ["encodeurl@2.0.0", "", {}, "sha512-Q0n9HRi4m6JuGIV1eFlmvJB7ZEVxu93IrMyiMsGC0lrMJMWzRgx6WGquyfQgZVb31vhGgXnfmPNNXmxnOkRBrg=="],

    "err": ["err@1.1.1", "", { "dependencies": { "typpy": "^2.2.0" } }, "sha512-N97Ybd2jJHVQ+Ft3Q5+C2gM3kgygkdeQmEqbN2z15UTVyyEsIwLA1VK39O1DHEJhXbwIFcJLqm6iARNhFANcQA=="],

    "es-define-property": ["es-define-property@1.0.0", "", { "dependencies": { "get-intrinsic": "^1.2.4" } }, "sha512-jxayLKShrEqqzJ0eumQbVhTYQM27CfT1T35+gCgDFoL82JLsXqTJ76zv6A0YLOgEnLUMvLzsDsGIrl8NFpT2gQ=="],

    "es-errors": ["es-errors@1.3.0", "", {}, "sha512-Zf5H2Kxt2xjTvbJvP2ZWLEICxA6j+hAmMzIlypy4xcBg1vKVnx89Wy0GbS+kf5cwCVFFzdCFh2XSCFNULS6csw=="],

    "escape-html": ["escape-html@1.0.3", "", {}, "sha512-NiSupZ4OeuGwr68lGIeym/ksIZMJodUGOSCZ/FSnTxcrekbvqrgdUxlJOMpijaKZVjAJrWrGs/6Jy8OMuyj9ow=="],

    "etag": ["etag@1.8.1", "", {}, "sha512-aIL5Fx7mawVa300al2BnEE4iNvo1qETxLrPI/o05L7z6go7fCw1J6EQmbK4FmJ2AS7kgVF/KEZWufBfdClMcPg=="],

    "express": ["express@4.21.1", "", { "dependencies": { "accepts": "~1.3.8", "array-flatten": "1.1.1", "body-parser": "1.20.3", "content-disposition": "0.5.4", "content-type": "~1.0.4", "cookie": "0.7.1", "cookie-signature": "1.0.6", "debug": "2.6.9", "depd": "2.0.0", "encodeurl": "~2.0.0", "escape-html": "~1.0.3", "etag": "~1.8.1", "finalhandler": "1.3.1", "fresh": "0.5.2", "http-errors": "2.0.0", "merge-descriptors": "1.0.3", "methods": "~1.1.2", "on-finished": "2.4.1", "parseurl": "~1.3.3", "path-to-regexp": "0.1.10", "proxy-addr": "~2.0.7", "qs": "6.13.0", "range-parser": "~1.2.1", "safe-buffer": "5.2.1", "send": "0.19.0", "serve-static": "1.16.2", "setprototypeof": "1.2.0", "statuses": "2.0.1", "type-is": "~1.6.18", "utils-merge": "1.0.1", "vary": "~1.1.2" } }, "sha512-YSFlK1Ee0/GC8QaO91tHcDxJiE/X4FbpAyQWkxAvG6AXCuR65YzK8ua6D9hvi/TzUfZMpc+BwuM1IPw8fmQBiQ=="],

    "finalhandler": ["finalhandler@1.3.1", "", { "dependencies": { "debug": "2.6.9", "encodeurl": "~2.0.0", "escape-html": "~1.0.3", "on-finished": "2.4.1", "parseurl": "~1.3.3", "statuses": "2.0.1", "unpipe": "~1.0.0" } }, "sha512-6BN9trH7bp3qvnrRyzsBz+g3lZxTNZTbVO2EV1CS0WIcDbawYVdYvGflME/9QP0h0pYlCDBCTjYa9nZzMDpyxQ=="],

    "fixed-or-percent": ["fixed-or-percent@1.0.12", "", { "dependencies": { "is-percent": "^1.0.1", "percent-value": "^1.0.0" } }, "sha512-r4qyzK3pkFHXBn+TYFbHpPKySq5PMejvmnAllScb75SERp3egiK7TVgTe8sgtnMvO/thhVcwz2Ah9Qo/xjmYBQ=="],

    "follow-redirects": ["follow-redirects@1.15.9", "", {}, "sha512-gew4GsXizNgdoRyqmyfMHyAmXsZDk6mHkSxZFCzW9gwlbtOW44CDtYavM+y+72qD/Vq2l550kMF52DT8fOLJqQ=="],

    "forwarded": ["forwarded@0.2.0", "", {}, "sha512-buRG0fpBtRHSTCOASe6hD258tEubFoRLb4ZNA6NxMVHNw2gOcwHo9wyablzMzOA5z9xA9L1KNjk/Nt6MT9aYow=="],

    "fresh": ["fresh@0.5.2", "", {}, "sha512-zJ2mQYM18rEFOudeV4GShTGIQ7RbzA7ozbU9I/XBpm7kqgMywgmylMwXHxZJmkVoYkna9d2pVXVXPdYTP9ej8Q=="],

    "function-bind": ["function-bind@1.1.2", "", {}, "sha512-7XHNxH7qX9xG5mIwxkhumTox/MIRNcOgDrxWsMt2pAr23WHp6MrRlN7FBSFpCpr+oVO0F744iUgR82nJMfG2SA=="],

    "function.name": ["function.name@1.0.13", "", { "dependencies": { "noop6": "^1.0.1" } }, "sha512-mVrqdoy5npWZyoXl4DxCeuVF6delDcQjVS9aPdvLYlBxtMTZDR2B5GVEQEoM1jJyspCqg3C0v4ABkLE7tp9xFA=="],

    "get-intrinsic": ["get-intrinsic@1.2.4", "", { "dependencies": { "es-errors": "^1.3.0", "function-bind": "^1.1.2", "has-proto": "^1.0.1", "has-symbols": "^1.0.3", "hasown": "^2.0.0" } }, "sha512-5uYhsJH8VJBTv7oslg4BznJYhDoRI6waYCxMmCdnTrcCrHA/fCFKoTFz2JKKE0HdDFUF7/oQuhzumXJK7paBRQ=="],

    "gm": ["gm@1.25.0", "", { "dependencies": { "array-parallel": "~0.1.3", "array-series": "~0.1.5", "cross-spawn": "^4.0.0", "debug": "^3.1.0" } }, "sha512-4kKdWXTtgQ4biIo7hZA396HT062nDVVHPjQcurNZ3o/voYN+o5FUC5kOwuORbpExp3XbTJ3SU7iRipiIhQtovw=="],

    "gm-installed": ["gm-installed@1.0.11", "", { "dependencies": { "prgm-installed": "^1.0.1" } }, "sha512-Fc1Pz7/0zDcM6Q5xgFakKRY7I1r7IdRK4KRL2bhK8XedQdI8p28qDKyCnAjAo9/mxaKi/Q6XR80VaSmdVB3b2Q=="],

    "gm-tools": ["gm-tools@1.0.12", "", { "dependencies": { "gm": "^1.23.1", "iterate-object": "^1.3.1", "pixel-class": "^1.0.0", "pngjs": "^2.2.0", "same-time": "^2.3.1" } }, "sha512-7LKCMGiAQkmyeCoABd+2VzZHF5aLpFZlWzyhApP9cmRREQ/HHBb9N04O97G1CY1Bbc8+qTl8Y80GcUsJK9vImQ=="],

    "gopd": ["gopd@1.0.1", "", { "dependencies": { "get-intrinsic": "^1.1.3" } }, "sha512-d65bNlIadxvpb/A2abVdlqKqV563juRnZ1Wtk6s1sIR8uNsXR70xqIzVqxVf1eTqDunwT2MkczEeaezCKTZhwA=="],

    "has-flag": ["has-flag@1.0.0", "", {}, "sha512-DyYHfIYwAJmjAjSSPKANxI8bFY9YtFrgkAfinBojQ8YJTOuOuav64tMUJv584SES4xl74PmuaevIyaLESHdTAA=="],

    "has-property-descriptors": ["has-property-descriptors@1.0.2", "", { "dependencies": { "es-define-property": "^1.0.0" } }, "sha512-55JNKuIW+vq4Ke1BjOTjM2YctQIvCT7GFzHwmfZPGo5wnrgkid0YQtnAleFSqumZm4az3n2BS+erby5ipJdgrg=="],

    "has-proto": ["has-proto@1.0.3", "", {}, "sha512-SJ1amZAJUiZS+PhsVLf5tGydlaVB8EdFpaSO4gmiUKUOxk8qzn5AIy4ZeJUmh22znIdk/uMAUT2pl3FxzVUH+Q=="],

    "has-symbols": ["has-symbols@1.0.3", "", {}, "sha512-l3LCuF6MgDNwTDKkdYGEihYjt5pRPbEg46rtlmnSPlUbgmB8LOIrKJbYYFBSbnPaJexMKtiPO8hmeRjRz2Td+A=="],

    "hasown": ["hasown@2.0.2", "", { "dependencies": { "function-bind": "^1.1.2" } }, "sha512-0hJU9SCPvmMzIBdZFqNPXWa6dqh7WdH0cII9y+CyS8rG3nL48Bclra9HmKhVVUHyPWNH5Y7xDwAB7bfgSjkUMQ=="],

    "http-errors": ["http-errors@2.0.0", "", { "dependencies": { "depd": "2.0.0", "inherits": "2.0.4", "setprototypeof": "1.2.0", "statuses": "2.0.1", "toidentifier": "1.0.1" } }, "sha512-FtwrG/euBzaEjYeRqOgly7G0qviiXoJWnvEH2Z1plBdXgbyjv34pHTSb9zoeHMyDy33+DWy5Wt9Wo+TURtOYSQ=="],

    "iconv-lite": ["iconv-lite@0.4.24", "", { "dependencies": { "safer-buffer": ">= 2.1.2 < 3" } }, "sha512-v3MXnZAcvnywkTUEZomIActle7RXXeedOR31wwl7VlyoXO4Qi9arvSenNQWne1TcRwhCL1HwLI21bEqdpj8/rA=="],

    "image-parser": ["image-parser@1.2.8", "", { "dependencies": { "cb-buffer": "^2.0.0", "err": "^1.1.1", "gm-tools": "^1.0.0", "lwipify": "^2.0.0", "noop6": "^1.0.4", "pixel-class": "^1.0.0" } }, "sha512-kOh01EC1ltKgnVgXdUsZJgjBhSOCLpgVh5TnNcQ5wJFZxi0J7XA0c+mjvMoKHN/sj69qmU4Y+UqRExkYtU6sFA=="],

    "image-to-ascii": ["image-to-ascii@3.2.1", "", { "dependencies": { "asciify-pixel-matrix": "^1.0.14", "compute-size": "^1.0.13", "image-parser": "^1.2.8", "imgpx": "^1.0.13", "one-by-one": "^3.2.8", "terminal-char-width": "^1.0.10", "ul": "^5.2.15" } }, "sha512-UY00ZRWxvRaZm6Sb4Z+8E3u70eKGe68xOt5F2Xb6B3o8F6PpVVeJ/9j1/EIHvyqf2pV69C6TI0WGeD9+z4wQ0A=="],

    "imgpx": ["imgpx@1.0.13", "", { "dependencies": { "lwip-pixels": "^1.0.0", "lwipify": "^2.0.0" } }, "sha512-TkSfwp2a8ZZt7lIk4HgMBY+PjIjoh0Ggrr37R6KjF+D8RXq2FFNfGUhKuAicg7G9bF83oQGeN/Yz/GFepWHxVA=="],

    "inherits": ["inherits@2.0.4", "", {}, "sha512-k/vGaX4/Yla3WzyMCvTQOXYeIHvqOKtnqBduzTHpzpQZzAskKMhZ2K+EnBiSM9zGSoIFeMpXKxa4dYeZIQqewQ=="],

    "ipaddr.js": ["ipaddr.js@1.9.1", "", {}, "sha512-0KI/607xoxSToH7GjN1FfSbLoU0+btTicjsQSWQlh/hZykN8KpmMf7uYwPW3R+akZ6R/w18ZlXSHBYXiYUPO3g=="],

    "is-percent": ["is-percent@1.0.12", "", { "dependencies": { "last-char": "^1.3.1" } }, "sha512-hTBG43Dql3Im4kiSEQm3ciuESBuFdVmPRIq+M6srqhk/YsRoMWRn4ZTcpxDy/VJmMZTjC+Ui37qyoA5JoOLPUA=="],

    "is-ssh": ["is-ssh@1.4.0", "", { "dependencies": { "protocols": "^2.0.1" } }, "sha512-x7+VxdxOdlV3CYpjvRLBv5Lo9OJerlYanjwFrPR9fuGPjCiNiCzFgAWpiLAohSbsnH4ZAys3SBh+hq5rJosxUQ=="],

    "is-windows": ["is-windows@0.1.1", "", {}, "sha512-3wf9CiLayWrH2O5E99jdTwVZyZwVckl+Gz4CkAtjssBPkawQBoPWDEyAHmwZnODQxqYduCBrlGfKQfvE/Mxh+A=="],

    "isarray": ["isarray@1.0.0", "", {}, "sha512-VLghIWNM6ELQzo7zwmcg0NmTVyWKYjvIeM83yjp0wRDTmUnrM678fQbcKBo6n2CJEF0szoG//ytg+TKla89ALQ=="],

    "isexe": ["isexe@2.0.0", "", {}, "sha512-RHxMLp9lnKHGHRng9QFhRCMbYAcVpn69smSGcq3f36xjgVVWThj4qqLbTLlq7Ssj8B+fIQ1EuCEGI2lKsyQeIw=="],

    "iterate-object": ["iterate-object@1.3.4", "", {}, "sha512-4dG1D1x/7g8PwHS9aK6QV5V94+ZvyP4+d19qDv43EzImmrndysIl4prmJ1hWWIGCqrZHyaHBm6BSEWHOLnpoNw=="],

    "last-char": ["last-char@1.3.11", "", {}, "sha512-Thgr0MN085/Eo1UulZKOJy+HMoXSbw9CZ2iPqVxr6nFoIAUo6pkVc25wEU0A8cAz22wv2ZEPrlxhnguBmQ0CPA=="],

    "lru-cache": ["lru-cache@4.1.5", "", { "dependencies": { "pseudomap": "^1.0.2", "yallist": "^2.1.2" } }, "sha512-sWZlbEP2OsHNkXrMl5GYk/jKk70MBng6UU4YI/qGDYbgf6YbP4EvmqISbXCoJiRKs+1bSpFHVgQxvJ17F2li5g=="],

    "lwip-pixels": ["lwip-pixels@1.1.10", "", { "dependencies": { "pixel-class": "^1.0.0" } }, "sha512-l71xSA39c1VF/Df3CKR2aTVK4G69FRFLjO+b0JhmsjraYLBydVy4utWUpKVG2ZnwIdr6tan9zZ5UrP1zKfCcIg=="],

    "lwip2": ["lwip2@1.0.15", "", { "dependencies": { "err": "^1.1.1", "gm-installed": "^1.0.0" } }, "sha512-ZZUsudB8PqvoED48F9yiulmhEwiJUfigCad4PVO0da6DlTAEuBNuwWyAQTPToEHYTfFyuY6sirpio7iSosJfNA=="],

    "lwipify": ["lwipify@2.0.13", "", { "dependencies": { "lwip2": "^1.0.0", "noop6": "^1.0.1", "tinyreq": "^3.1.4", "url-remote": "^1.1.0" } }, "sha512-x8NfMa/Eo6FN3u61lngaPNYAj+4qj5vICyda+Z/BV62agagh4mgI9lLuDGaQSo99Z8hkAbzoSyibSVPSGDFIsw=="],

    "map-o": ["map-o@2.0.10", "", { "dependencies": { "iterate-object": "^1.3.0" } }, "sha512-BxazE81fVByHWasyXhqKeo2m7bFKYu+ZbEfiuexMOnklXW+tzDvnlTi/JaklEeuuwqcqJzPaf9q+TWptSGXeLg=="],

    "media-typer": ["media-typer@0.3.0", "", {}, "sha512-dq+qelQ9akHpcOl/gUVRTxVIOkAJ1wR3QAvb4RsVjS8oVoFjDGTc679wJYmUmknUF5HwMLOgb5O+a3KxfWapPQ=="],

    "merge-descriptors": ["merge-descriptors@1.0.3", "", {}, "sha512-gaNvAS7TZ897/rVaZ0nMtAyxNyi/pdbjbAwUpFQpN70GqnVfOiXpeUUMKRBmzXaSQ8DdTX4/0ms62r2K+hE6mQ=="],

    "methods": ["methods@1.1.2", "", {}, "sha512-iclAHeNqNm68zFtnZ0e+1L2yUIdvzNoauKU4WBA3VvH/vPFieF7qfRlwUZU+DA9P9bPXIS90ulxoUoCH23sV2w=="],

    "mime": ["mime@1.6.0", "", { "bin": "cli.js" }, "sha512-x0Vn8spI+wuJ1O6S7gnbaQg8Pxh4NNHb7KSINmEWKiPE4RKOplvijn+NkmYmmRgP68mc70j2EbeTFRsrswaQeg=="],

    "mime-db": ["mime-db@1.52.0", "", {}, "sha512-sPU4uV7dYlvtWJxwwxHD0PuihVNiE7TyAbQ5SWxDCB9mUYvOgroQOwYQQOKPJ8CIbE+1ETVlOoK1UC2nU3gYvg=="],

    "mime-types": ["mime-types@2.1.35", "", { "dependencies": { "mime-db": "1.52.0" } }, "sha512-ZDY+bPm5zTTF+YpCrAU9nK0UgICYPT0QtT1NZWFv4s++TNkcgVaT0g6+4R2uI4MjQjzysHB1zxuWL50hzaeXiw=="],

    "minimist": ["minimist@1.2.8", "", {}, "sha512-2yyAR8qBkN3YuheJanUpWC5U3bb5osDywNB8RzDVlDwDHbocAJveqqj1u8+SVD7jkWT4yvsHCpWqqWqAxb0zCA=="],

    "mkdirp": ["mkdirp@0.5.6", "", { "dependencies": { "minimist": "^1.2.6" }, "bin": "bin/cmd.js" }, "sha512-FP+p8RB8OWpF3YZBCrP5gtADmtXApB5AMLn+vdyA+PyxCjrCs00mjyUozssO33cwDeT3wNGdLxJ5M//YqtHAJw=="],

    "ms": ["ms@2.0.0", "", {}, "sha512-Tpp60P6IUJDTuOq/5Z8cdskzJujfwqfOTkrwIwj7IRISpnkJnT6SyJ4PCPnGMoFjC9ddhal5KVIYtAt97ix05A=="],

    "multer": ["multer@1.4.5-lts.1", "", { "dependencies": { "append-field": "^1.0.0", "busboy": "^1.0.0", "concat-stream": "^1.5.2", "mkdirp": "^0.5.4", "object-assign": "^4.1.1", "type-is": "^1.6.4", "xtend": "^4.0.0" } }, "sha512-ywPWvcDMeH+z9gQq5qYHCCy+ethsk4goepZ45GLD63fOu0YcNecQxi64nDs3qluZB+murG3/D4dJ7+dGctcCQQ=="],

    "negotiator": ["negotiator@0.6.3", "", {}, "sha512-+EUsqGPLsM+j/zdChZjsnX51g4XrHFOIXwfnCVPGlQk/k5giakcKsuxCObBRu6DSm9opw/O6slWbJdghQM4bBg=="],

    "noop6": ["noop6@1.0.9", "", {}, "sha512-DB3Hwyd89dPr5HqEPg3YHjzvwh/mCqizC1zZ8vyofqc+TQRyPDnT4wgXXbLGF4z9YAzwwTLi8pNLhGqcbSjgkA=="],

    "obj-def": ["obj-def@1.0.9", "", { "dependencies": { "deffy": "^2.2.2" } }, "sha512-bQ4ya3VYD6FAA1+s6mEhaURRHSmw4+sKaXE6UyXZ1XDYc5D+c7look25dFdydmLd18epUegh398gdDkMUZI9xg=="],

    "object-assign": ["object-assign@4.1.1", "", {}, "sha512-rJgTQnkUnH1sFw8yT6VSU3zD3sWmu6sZhIseY8VX+GRu3P6F7Fu+JNDoXfklElbLJSnc3FUQHVe4cU5hj+BcUg=="],

    "object-inspect": ["object-inspect@1.13.2", "", {}, "sha512-IRZSRuzJiynemAXPYtPe5BoI/RESNYR7TYm50MC5Mqbd3Jmw5y790sErYw3V6SryFJD64b74qQQs9wn5Bg/k3g=="],

    "on-finished": ["on-finished@2.4.1", "", { "dependencies": { "ee-first": "1.1.1" } }, "sha512-oVlzkg3ENAhCk2zdv7IJwd/QUD4z2RxRwpkcGY8psCVcCYZNq4wYnVWALHM+brtuJjePWiYF/ClmuDr8Ch5+kg=="],

    "one-by-one": ["one-by-one@3.2.8", "", { "dependencies": { "obj-def": "^1.0.0", "sliced": "^1.0.1" } }, "sha512-HR/pSzZdm46Xqj58K+Bu64kMbSTw8/u77AwWvV+rprO/OsuR++pPlkUJn+SmwqBGRgHKwSKQ974V3uls7crIeQ=="],

    "parse-url": ["parse-url@1.3.11", "", { "dependencies": { "is-ssh": "^1.3.0", "protocols": "^1.4.0" } }, "sha512-1wj9nkgH/5EboDxLwaTMGJh3oH3f+Gue+aGdh631oCqoSBpokzmMmOldvOeBPtB8GJBYJbaF93KPzlkU+Y1ksg=="],

    "parseurl": ["parseurl@1.3.3", "", {}, "sha512-CiyeOxFT/JZyN5m0z9PfXw4SCBJ6Sygz1Dpl0wqjlhDEGGBP1GnsUVEL0p63hoG1fcj3fHynXi9NYO4nWOL+qQ=="],

    "path-to-regexp": ["path-to-regexp@0.1.10", "", {}, "sha512-7lf7qcQidTku0Gu3YDPc8DJ1q7OOucfa/BSsIwjuh56VU7katFvuM8hULfkwB3Fns/rsVF7PwPKVw1sl5KQS9w=="],

    "percent-value": ["percent-value@1.0.9", "", {}, "sha512-AJwr9o+GRtRzbuMPkPBlivc79g6WGz1R0OzeBpUroMWxAxDv6FDi4/NTyPd6TWVxdhG7NACcZpnOaz5vDGRhCw=="],

    "pixel-bg": ["pixel-bg@1.0.10", "", { "dependencies": { "pixel-class": "^1.0.0" } }, "sha512-9+ADtdmy3xiza6pZOl5XxAZC4PxxsoG9Te8B7+QJTHVtusRZsbYXCDj4Y/uoKFfVbbn8PwBNfAppPs0fHgu81w=="],

    "pixel-class": ["pixel-class@1.0.10", "", { "dependencies": { "deffy": "^2.2.1" } }, "sha512-CVEGjpxCxXW2SdTNyBBnDFFN/IASW5V1buVqCP/omJ1JnOMchsMsu1QsaooTwnSGjrDJTvn0QHNbfewoAagalQ=="],

    "pixel-white-bg": ["pixel-white-bg@1.0.9", "", { "dependencies": { "pixel-bg": "^1.0.0" } }, "sha512-XiqUYxOC9L0CCr3SuOr2DBpshFVsyuma98bREdk2O92FPhmlBJ9wkWtRqL7eAraCf2/BYDPEL4TjbVMVQNBucw=="],

    "pngjs": ["pngjs@2.3.1", "", {}, "sha512-ITNPqvx+SSssNFOgHQzGG87HrqQ0g2nMSHc1jjU5Piq9xJEJ40fiFEPz0S5HSSXxBHrTnhaBHIayTO5aRfk2vw=="],

    "prgm-installed": ["prgm-installed@1.0.11", "", { "dependencies": { "which": "^1.2.4" } }, "sha512-hmDwovCNtzck+TwA7DdabpPTZCoORTj0PlKcID8gdRlPUNpfTNxRI1x11kpz1K/dXvtCCPMSUJGnYCkXPbZXVQ=="],

    "process-nextick-args": ["process-nextick-args@2.0.1", "", {}, "sha512-3ouUOpQhtgrbOa17J7+uxOTpITYWaGP7/AhoR3+A+/1e9skrzelGi/dXzEYyvbxubEF6Wn2ypscTKiKJFFn1ag=="],

    "protocols": ["protocols@1.4.8", "", {}, "sha512-IgjKyaUSjsROSO8/D49Ab7hP8mJgTYcqApOqdPhLoPxAplXmkp+zRvsrSQjFn5by0rhm4VH0GAUELIPpx7B1yg=="],

    "proxy-addr": ["proxy-addr@2.0.7", "", { "dependencies": { "forwarded": "0.2.0", "ipaddr.js": "1.9.1" } }, "sha512-llQsMLSUDUPT44jdrU/O37qlnifitDP+ZwrmmZcoSKyLKvtZxpyV0n2/bD/N4tBAAZ/gJEdZU7KMraoK1+XYAg=="],

    "pseudomap": ["pseudomap@1.0.2", "", {}, "sha512-b/YwNhb8lk1Zz2+bXXpS/LK9OisiZZ1SNsSLxN1x2OXVEhW2Ckr/7mWE5vrC1ZTiJlD9g19jWszTmJsB+oEpFQ=="],

    "qs": ["qs@6.13.0", "", { "dependencies": { "side-channel": "^1.0.6" } }, "sha512-+38qI9SOr8tfZ4QmJNplMUxqjbe7LKvvZgWdExBOmd+egZTtjLB67Gu0HRX3u/XOq7UU2Nx6nsjvS16Z9uwfpg=="],

    "range-parser": ["range-parser@1.2.1", "", {}, "sha512-Hrgsx+orqoygnmhFbKaHE6c296J+HTAQXoxEF6gNupROmmGJRoyzfG3ccAveqCBrwr/2yxQ5BVd/GTl5agOwSg=="],

    "raw-body": ["raw-body@2.5.2", "", { "dependencies": { "bytes": "3.1.2", "http-errors": "2.0.0", "iconv-lite": "0.4.24", "unpipe": "1.0.0" } }, "sha512-8zGqypfENjCIqGhgXToC8aB2r7YrBX+AQAfIPs/Mlk+BtPTztOvTS01NRW/3Eh60J+a48lt8qsCzirQ6loCVfA=="],

    "readable-stream": ["readable-stream@2.3.8", "", { "dependencies": { "core-util-is": "~1.0.0", "inherits": "~2.0.3", "isarray": "~1.0.0", "process-nextick-args": "~2.0.0", "safe-buffer": "~5.1.1", "string_decoder": "~1.1.1", "util-deprecate": "~1.0.1" } }, "sha512-8p0AUk4XODgIewSi0l8Epjs+EVnWiK7NoDIEGU0HhE7+ZyY8D1IMY7odu5lRrFXGg71L15KG8QrPmum45RTtdA=="],

    "safe-buffer": ["safe-buffer@5.2.1", "", {}, "sha512-rp3So07KcdmmKbGvgaNxQSJr7bGVSVk5S9Eq1F+ppbRo70+YeaDxkw5Dd8NPN+GD6bjnYm2VuPuCXmpuYvmCXQ=="],

    "safer-buffer": ["safer-buffer@2.1.2", "", {}, "sha512-YZo3K82SD7Riyi0E1EQPojLz7kpepnSQI9IyPbHHg1XXXevb5dJI7tpyN2ADxGcQbHG7vcyRHk0cbwqcQriUtg=="],

    "same-time": ["same-time@2.3.5", "", { "dependencies": { "deffy": "2.0.0" } }, "sha512-SnVw4CihgrwwcZs38vqW1890OwilOQPnath+kQCX7Un+PfcjR52rThxPfuNpNEd3UrphL22/SleM7hcbiaJu1A=="],

    "send": ["send@0.19.0", "", { "dependencies": { "debug": "2.6.9", "depd": "2.0.0", "destroy": "1.2.0", "encodeurl": "~1.0.2", "escape-html": "~1.0.3", "etag": "~1.8.1", "fresh": "0.5.2", "http-errors": "2.0.0", "mime": "1.6.0", "ms": "2.1.3", "on-finished": "2.4.1", "range-parser": "~1.2.1", "statuses": "2.0.1" } }, "sha512-dW41u5VfLXu8SJh5bwRmyYUbAoSB3c9uQh6L8h/KtsFREPWpbX1lrljJo186Jc4nmci/sGUZ9a0a0J2zgfq2hw=="],

    "serve-static": ["serve-static@1.16.2", "", { "dependencies": { "encodeurl": "~2.0.0", "escape-html": "~1.0.3", "parseurl": "~1.3.3", "send": "0.19.0" } }, "sha512-VqpjJZKadQB/PEbEwvFdO43Ax5dFBZ2UECszz8bQ7pi7wt//PWe1P6MN7eCnjsatYtBT6EuiClbjSWP2WrIoTw=="],

    "set-function-length": ["set-function-length@1.2.2", "", { "dependencies": { "define-data-property": "^1.1.4", "es-errors": "^1.3.0", "function-bind": "^1.1.2", "get-intrinsic": "^1.2.4", "gopd": "^1.0.1", "has-property-descriptors": "^1.0.2" } }, "sha512-pgRc4hJ4/sNjWCSS9AmnS40x3bNMDTknHgL5UaMBTMyJnU90EgWh1Rz+MC9eFu4BuN/UwZjKQuY/1v3rM7HMfg=="],

    "setprototypeof": ["setprototypeof@1.2.0", "", {}, "sha512-E5LDX7Wrp85Kil5bhZv46j8jOeboKq5JMmYM3gVGdGH8xFpPWXUMsNrlODCrkoxMEeNi/XZIwuRvY4XNwYMJpw=="],

    "side-channel": ["side-channel@1.0.6", "", { "dependencies": { "call-bind": "^1.0.7", "es-errors": "^1.3.0", "get-intrinsic": "^1.2.4", "object-inspect": "^1.13.1" } }, "sha512-fDW/EZ6Q9RiO8eFG8Hj+7u/oW+XrPTIChwCOM2+th2A6OblDtYYIpve9m+KvI9Z4C9qSEXlaGR6bTEYHReuglA=="],

    "sliced": ["sliced@1.0.1", "", {}, "sha512-VZBmZP8WU3sMOZm1bdgTadsQbcscK0UM8oKxKVBs4XAhUo2Xxzm/OFMGBkPusxw9xL3Uy8LrzEqGqJhclsr0yA=="],

    "statuses": ["statuses@2.0.1", "", {}, "sha512-RwNA9Z/7PrK06rYLIzFMlaF+l73iwpzsqRIFgbMLbTcLD6cOao82TaWefPXQvB2fOC4AjuYSEndS7N/mTCbkdQ=="],

    "streamsearch": ["streamsearch@1.1.0", "", {}, "sha512-Mcc5wHehp9aXz1ax6bZUyY5afg9u2rv5cqQI3mRrYkGC8rW2hM02jWuwjtL++LS5qinSyhj2QfLyNsuc+VsExg=="],

    "string_decoder": ["string_decoder@1.1.1", "", { "dependencies": { "safe-buffer": "~5.1.0" } }, "sha512-n/ShnvDi6FHbbVfviro+WojiFzv+s8MPMHBczVePfUpDJLwoLT0ht1l4YwBCbi8pJAveEEdnkHyPyTP/mzRfwg=="],

    "supports-color": ["supports-color@3.2.3", "", { "dependencies": { "has-flag": "^1.0.0" } }, "sha512-Jds2VIYDrlp5ui7t8abHN2bjAu4LV/q4N2KivFPpGH0lrka0BMq/33AmECUXlKPcHigkNaqfXRENFju+rlcy+A=="],

    "terminal-char-width": ["terminal-char-width@1.0.10", "", { "dependencies": { "is-windows": "^0.1.1" } }, "sha512-p9H7JIVM2am3v3GfQTKv+Bj1y3YiLVIsv4nfNJtZsbBM+XR4/UUiHvcsvpX+PoBjpD6xSyuX00GUkKgFXXI61A=="],

    "tinyreq": ["tinyreq@3.4.2", "", { "dependencies": { "assured": "^1.0.12", "follow-redirects": "^1.4.1", "noop6": "^1.0.7", "ul": "^5.2.13" } }, "sha512-VHl9n2w2t1HD9ftvbmYMA99g/yeioIRhpxT5cazb/jo2Vld5ZtPEVW4PhBFgNXjdL2ch8j6z0cawDCF7eIFZsQ=="],

    "toidentifier": ["toidentifier@1.0.1", "", {}, "sha512-o5sSPKEkg/DIQNmH43V0/uerLrpzVedkUh8tGNvaeXpfpuwjKenlSox/2O/BTlZUtEe+JG7s5YhEz608PlAHRA=="],

    "type-is": ["type-is@1.6.18", "", { "dependencies": { "media-typer": "0.3.0", "mime-types": "~2.1.24" } }, "sha512-TkRKr9sUTxEH8MdfuCSP7VizJyzRNMjj2J2do2Jr3Kym598JVdEksuzPQCnlFPW4ky9Q+iA+ma9BGm06XQBy8g=="],

    "typedarray": ["typedarray@0.0.6", "", {}, "sha512-/aCDEGatGvZ2BIk+HmLf4ifCJFwvKFNb9/JeZPMulfgFracn9QFcAf5GO8B/mweUjSoblS5In0cWhqpfs/5PQA=="],

    "typpy": ["typpy@2.3.13", "", { "dependencies": { "function.name": "^1.0.3" } }, "sha512-vOxIcQz9sxHi+rT09SJ5aDgVgrPppQjwnnayTrMye1ODaU8gIZTDM19t9TxmEElbMihx2Nq/0/b/MtyKfayRqA=="],

    "ul": ["ul@5.2.15", "", { "dependencies": { "deffy": "^2.2.2", "typpy": "^2.3.4" } }, "sha512-svLEUy8xSCip5IWnsRa0UOg+2zP0Wsj4qlbjTmX6GJSmvKMHADBuHOm1dpNkWqWPIGuVSqzUkV3Cris5JrlTRQ=="],

    "unpipe": ["unpipe@1.0.0", "", {}, "sha512-pjy2bYhSsufwWlKwPc+l3cN7+wuJlK6uz0YdJEOlQDbl6jo/YlPi4mb8agUkVC8BF7V8NuzeyPNqRksA3hztKQ=="],

    "url-local": ["url-local@1.1.9", "", { "dependencies": { "parse-url": "^1.3.0" } }, "sha512-4SmavOiTqOPjGCkR06kTANhpDfiWDgXWrsjUiygk2lJiEiAa9DL6I6+YwPAKG1ex0XEAkSarl4UnLpPe+cuifA=="],

    "url-remote": ["url-remote@1.1.9", "", { "dependencies": { "url-local": "^1.0.1" } }, "sha512-pfMfB7yR0bMTx+9XXOXpRix9dEdfrnPA/R2GgdHYnJLeO4RqgxtbKQpFYGBVIXfmFUh/x2ceYxgi9BgUE5tKNA=="],

    "util-deprecate": ["util-deprecate@1.0.2", "", {}, "sha512-EPD5q1uXyFxJpCrLnCc1nHnq3gOa6DZBocAIiI2TaSCA7VCJ1UJDMagCzIkXNsUYfD1daK//LTEQ8xiIbrHtcw=="],

    "utils-merge": ["utils-merge@1.0.1", "", {}, "sha512-pMZTvIkT1d+TFGvDOqodOclx0QWkkgi6Tdoa8gC8ffGAAqz9pzPTZWAybbsHHoED/ztMtkv/VoYTYyShUn81hA=="],

    "vary": ["vary@1.1.2", "", {}, "sha512-BNGbWLfd0eUPabhkXUVm0j8uuvREyTh5ovRa/dyow/BqAbZJyC+5fU+IzQOzmAKzYqYRAISoRhdQr3eIZ/PXqg=="],

    "which": ["which@1.3.1", "", { "dependencies": { "isexe": "^2.0.0" }, "bin": "bin/which" }, "sha512-HxJdYWq1MTIQbJ3nw0cqssHoTNU267KlrDuGZ1WYlxDStUtKUhOaJmh112/TZmHxxUfuJqPXSOm7tDyas0OSIQ=="],

    "xtend": ["xtend@4.0.2", "", {}, "sha512-LKYU1iAXJXUgAXn9URjiu+MWhyUXHsvfp7mcuYm9dSUKK0/CjtrUwFAxD82/mCWbtLsGjFIad0wIsod4zrTAEQ=="],

    "yallist": ["yallist@2.1.2", "", {}, "sha512-ncTzHV7NvsQZkYe1DW7cbDLm0YpzHmZF5r/iyP3ZnQtMiJ+pjzisCiMNI+Sj+xQF5pXhSHxSB3uDbsBTzY/c2A=="],

    "body-parser/debug": ["debug@2.6.9", "", { "dependencies": { "ms": "2.0.0" } }, "sha512-bC7ElrdJaJnPbAP+1EotYvqZsb3ecl5wi6Bfi6BJTUcNowp6cvspg0jXznRTKDjm/E7AdgFBVeAPVMNcKGsHMA=="],

    "body-parser/qs": ["qs@6.13.0", "", { "dependencies": { "side-channel": "^1.0.6" } }, "sha512-+38qI9SOr8tfZ4QmJNplMUxqjbe7LKvvZgWdExBOmd+egZTtjLB67Gu0HRX3u/XOq7UU2Nx6nsjvS16Z9uwfpg=="],

    "finalhandler/debug": ["debug@2.6.9", "", { "dependencies": { "ms": "2.0.0" } }, "sha512-bC7ElrdJaJnPbAP+1EotYvqZsb3ecl5wi6Bfi6BJTUcNowp6cvspg0jXznRTKDjm/E7AdgFBVeAPVMNcKGsHMA=="],

    "gm/debug": ["debug@3.2.7", "", { "dependencies": { "ms": "^2.1.1" } }, "sha512-CFjzYYAi4ThfiQvizrFQevTTXHtnCqWfe7x1AhgEscTz6ZbLbfoLRLPugTQyBth6f8ZERVUSyWHFD/7Wu4t1XQ=="],

    "is-ssh/protocols": ["protocols@2.0.1", "", {}, "sha512-/XJ368cyBJ7fzLMwLKv1e4vLxOju2MNAIokcr7meSaNcVbWz/CPcW22cP04mwxOErdA5mwjA8Q6w/cdAQxVn7Q=="],

    "raw-body/iconv-lite": ["iconv-lite@0.4.24", "", { "dependencies": { "safer-buffer": ">= 2.1.2 < 3" } }, "sha512-v3MXnZAcvnywkTUEZomIActle7RXXeedOR31wwl7VlyoXO4Qi9arvSenNQWne1TcRwhCL1HwLI21bEqdpj8/rA=="],

    "readable-stream/safe-buffer": ["safe-buffer@5.1.2", "", {}, "sha512-Gd2UZBJDkXlY7GbJxfsE8/nvKkUEU1G38c1siN6QP6a9PT9MmHB8GnpscSmMJSoF8LOIrt8ud/wPtojys4G6+g=="],

    "same-time/deffy": ["deffy@2.0.0", "", { "dependencies": { "typpy": "^2.0.0" } }, "sha512-Gcn10MX982lqx8XmJES2JvN8Im7h0lFwRanyQfkQG2wXko4SouD0pSGUlK6Do165Itfidhpssn6NqlRkKp/4ig=="],

    "send/debug": ["debug@2.6.9", "", { "dependencies": { "ms": "2.0.0" } }, "sha512-bC7ElrdJaJnPbAP+1EotYvqZsb3ecl5wi6Bfi6BJTUcNowp6cvspg0jXznRTKDjm/E7AdgFBVeAPVMNcKGsHMA=="],

    "send/encodeurl": ["encodeurl@1.0.2", "", {}, "sha512-TPJXq8JqFaVYm2CWmPvnP2Iyo4ZSM7/QKcSmuMLDObfpH5fi7RUGmd/rTDf+rut/saiDiQEeVTNgAmJEdAOx0w=="],

    "send/ms": ["ms@2.1.3", "", {}, "sha512-6FlzubTLZG3J2a/NVCAleEhjzq5oxgHyaCU9yYXvcLsvoVaHJq/s5xXI6/XXP6tz7R9xAOtHnSO/tXtF3WRTlA=="],

    "string_decoder/safe-buffer": ["safe-buffer@5.1.2", "", {}, "sha512-Gd2UZBJDkXlY7GbJxfsE8/nvKkUEU1G38c1siN6QP6a9PT9MmHB8GnpscSmMJSoF8LOIrt8ud/wPtojys4G6+g=="],

    "body-parser/debug/ms": ["ms@2.0.0", "", {}, "sha512-Tpp60P6IUJDTuOq/5Z8cdskzJujfwqfOTkrwIwj7IRISpnkJnT6SyJ4PCPnGMoFjC9ddhal5KVIYtAt97ix05A=="],

    "finalhandler/debug/ms": ["ms@2.0.0", "", {}, "sha512-Tpp60P6IUJDTuOq/5Z8cdskzJujfwqfOTkrwIwj7IRISpnkJnT6SyJ4PCPnGMoFjC9ddhal5KVIYtAt97ix05A=="],

    "gm/debug/ms": ["ms@2.1.3", "", {}, "sha512-6FlzubTLZG3J2a/NVCAleEhjzq5oxgHyaCU9yYXvcLsvoVaHJq/s5xXI6/XXP6tz7R9xAOtHnSO/tXtF3WRTlA=="],

    "send/debug/ms": ["ms@2.0.0", "", {}, "sha512-Tpp60P6IUJDTuOq/5Z8cdskzJujfwqfOTkrwIwj7IRISpnkJnT6SyJ4PCPnGMoFjC9ddhal5KVIYtAt97ix05A=="],
  }
}
